// !$*UTF8*$!
{
	archiveVersion = 1;
	classes = {
	};
	objectVersion = 55;
	objects = {

/* Begin PBXBuildFile section */
		1749AF032803C0BD00225767 /* AppDelegate.swift in Sources */ = {isa = PBXBuildFile; fileRef = 1749AF022803C0BD00225767 /* AppDelegate.swift */; };
		1749AF052803C0BD00225767 /* SceneDelegate.swift in Sources */ = {isa = PBXBuildFile; fileRef = 1749AF042803C0BD00225767 /* SceneDelegate.swift */; };
		1749AF072803C0BD00225767 /* MainViewController.swift in Sources */ = {isa = PBXBuildFile; fileRef = 1749AF062803C0BD00225767 /* MainViewController.swift */; };
		1749AF0A2803C0BD00225767 /* Main.storyboard in Resources */ = {isa = PBXBuildFile; fileRef = 1749AF082803C0BD00225767 /* Main.storyboard */; };
		1749AF0C2803C0BF00225767 /* Assets.xcassets in Resources */ = {isa = PBXBuildFile; fileRef = 1749AF0B2803C0BF00225767 /* Assets.xcassets */; };
		1749AF0F2803C0BF00225767 /* LaunchScreen.storyboard in Resources */ = {isa = PBXBuildFile; fileRef = 1749AF0D2803C0BF00225767 /* LaunchScreen.storyboard */; };
		1749AF192804C2E300225767 /* MainPresenter.swift in Sources */ = {isa = PBXBuildFile; fileRef = 1749AF182804C2E300225767 /* MainPresenter.swift */; };
		177319812805D37100742C7B /* AlertPhotoView.xib in Resources */ = {isa = PBXBuildFile; fileRef = 177319802805D37100742C7B /* AlertPhotoView.xib */; };
		177319832805DAE700742C7B /* PhotoViewAlert.swift in Sources */ = {isa = PBXBuildFile; fileRef = 177319822805DAE700742C7B /* PhotoViewAlert.swift */; };
		17BA3634280771BE00D6E151 /* Charts in Frameworks */ = {isa = PBXBuildFile; productRef = 17BA3633280771BE00D6E151 /* Charts */; };
		17BA3636280A070C00D6E151 /* ChartViewCell.swift in Sources */ = {isa = PBXBuildFile; fileRef = 17BA3635280A070C00D6E151 /* ChartViewCell.swift */; };
		17EE5CCF28062E51003DDA0C /* GoogleService-Info.plist in Resources */ = {isa = PBXBuildFile; fileRef = 17EE5CCE28062E51003DDA0C /* GoogleService-Info.plist */; };
		17EE5CD2280636A1003DDA0C /* FirebaseAnalytics in Frameworks */ = {isa = PBXBuildFile; productRef = 17EE5CD1280636A1003DDA0C /* FirebaseAnalytics */; };
		17EE5CD4280636A1003DDA0C /* FirebaseDatabase in Frameworks */ = {isa = PBXBuildFile; productRef = 17EE5CD3280636A1003DDA0C /* FirebaseDatabase */; };
		17EE5CD6280636A1003DDA0C /* FirebaseFirestore in Frameworks */ = {isa = PBXBuildFile; productRef = 17EE5CD5280636A1003DDA0C /* FirebaseFirestore */; };
		17EE5CD8280636A1003DDA0C /* FirebaseStorage in Frameworks */ = {isa = PBXBuildFile; productRef = 17EE5CD7280636A1003DDA0C /* FirebaseStorage */; };
		17EE5CDB28073F5E003DDA0C /* Toast in Frameworks */ = {isa = PBXBuildFile; productRef = 17EE5CDA28073F5E003DDA0C /* Toast */; };
		17EE5CDD28074233003DDA0C /* Extensions.swift in Sources */ = {isa = PBXBuildFile; fileRef = 17EE5CDC28074233003DDA0C /* Extensions.swift */; };
		17EE5CE02807441D003DDA0C /* NetworkHandler.swift in Sources */ = {isa = PBXBuildFile; fileRef = 17EE5CDF2807441D003DDA0C /* NetworkHandler.swift */; };
		17EE5CE22807447B003DDA0C /* Models.swift in Sources */ = {isa = PBXBuildFile; fileRef = 17EE5CE12807447B003DDA0C /* Models.swift */; };
		17EE5CE42807452B003DDA0C /* NetworkManager.swift in Sources */ = {isa = PBXBuildFile; fileRef = 17EE5CE32807452B003DDA0C /* NetworkManager.swift */; };
		17EE5CE6280745AF003DDA0C /* ModuleOrchestrator.swift in Sources */ = {isa = PBXBuildFile; fileRef = 17EE5CE5280745AF003DDA0C /* ModuleOrchestrator.swift */; };
		17EE5CE828075690003DDA0C /* ChartsViewController.swift in Sources */ = {isa = PBXBuildFile; fileRef = 17EE5CE728075690003DDA0C /* ChartsViewController.swift */; };
		17EE5CEA28075A14003DDA0C /* ChartsPresenter.swift in Sources */ = {isa = PBXBuildFile; fileRef = 17EE5CE928075A14003DDA0C /* ChartsPresenter.swift */; };
/* End PBXBuildFile section */

/* Begin PBXFileReference section */
		1749AEFF2803C0BC00225767 /* My tasks  project.app */ = {isa = PBXFileReference; explicitFileType = wrapper.application; includeInIndex = 0; path = "My tasks  project.app"; sourceTree = BUILT_PRODUCTS_DIR; };
		1749AF022803C0BD00225767 /* AppDelegate.swift */ = {isa = PBXFileReference; lastKnownFileType = sourcecode.swift; path = AppDelegate.swift; sourceTree = "<group>"; };
		1749AF042803C0BD00225767 /* SceneDelegate.swift */ = {isa = PBXFileReference; lastKnownFileType = sourcecode.swift; path = SceneDelegate.swift; sourceTree = "<group>"; };
		1749AF062803C0BD00225767 /* MainViewController.swift */ = {isa = PBXFileReference; lastKnownFileType = sourcecode.swift; path = MainViewController.swift; sourceTree = "<group>"; };
		1749AF092803C0BD00225767 /* Base */ = {isa = PBXFileReference; lastKnownFileType = file.storyboard; name = Base; path = Base.lproj/Main.storyboard; sourceTree = "<group>"; };
		1749AF0B2803C0BF00225767 /* Assets.xcassets */ = {isa = PBXFileReference; lastKnownFileType = folder.assetcatalog; path = Assets.xcassets; sourceTree = "<group>"; };
		1749AF0E2803C0BF00225767 /* Base */ = {isa = PBXFileReference; lastKnownFileType = file.storyboard; name = Base; path = Base.lproj/LaunchScreen.storyboard; sourceTree = "<group>"; };
		1749AF102803C0BF00225767 /* Info.plist */ = {isa = PBXFileReference; lastKnownFileType = text.plist.xml; path = Info.plist; sourceTree = "<group>"; };
		1749AF182804C2E300225767 /* MainPresenter.swift */ = {isa = PBXFileReference; lastKnownFileType = sourcecode.swift; path = MainPresenter.swift; sourceTree = "<group>"; };
		177319802805D37100742C7B /* AlertPhotoView.xib */ = {isa = PBXFileReference; lastKnownFileType = file.xib; path = AlertPhotoView.xib; sourceTree = "<group>"; };
		177319822805DAE700742C7B /* PhotoViewAlert.swift */ = {isa = PBXFileReference; lastKnownFileType = sourcecode.swift; path = PhotoViewAlert.swift; sourceTree = "<group>"; };
		17BA3635280A070C00D6E151 /* ChartViewCell.swift */ = {isa = PBXFileReference; lastKnownFileType = sourcecode.swift; path = ChartViewCell.swift; sourceTree = "<group>"; };
		17EE5CCE28062E51003DDA0C /* GoogleService-Info.plist */ = {isa = PBXFileReference; fileEncoding = 4; lastKnownFileType = text.plist.xml; path = "GoogleService-Info.plist"; sourceTree = "<group>"; };
		17EE5CDC28074233003DDA0C /* Extensions.swift */ = {isa = PBXFileReference; lastKnownFileType = sourcecode.swift; path = Extensions.swift; sourceTree = "<group>"; };
		17EE5CDF2807441D003DDA0C /* NetworkHandler.swift */ = {isa = PBXFileReference; lastKnownFileType = sourcecode.swift; path = NetworkHandler.swift; sourceTree = "<group>"; };
		17EE5CE12807447B003DDA0C /* Models.swift */ = {isa = PBXFileReference; lastKnownFileType = sourcecode.swift; path = Models.swift; sourceTree = "<group>"; };
		17EE5CE32807452B003DDA0C /* NetworkManager.swift */ = {isa = PBXFileReference; lastKnownFileType = sourcecode.swift; path = NetworkManager.swift; sourceTree = "<group>"; };
		17EE5CE5280745AF003DDA0C /* ModuleOrchestrator.swift */ = {isa = PBXFileReference; lastKnownFileType = sourcecode.swift; path = ModuleOrchestrator.swift; sourceTree = "<group>"; };
		17EE5CE728075690003DDA0C /* ChartsViewController.swift */ = {isa = PBXFileReference; lastKnownFileType = sourcecode.swift; path = ChartsViewController.swift; sourceTree = "<group>"; };
		17EE5CE928075A14003DDA0C /* ChartsPresenter.swift */ = {isa = PBXFileReference; lastKnownFileType = sourcecode.swift; path = ChartsPresenter.swift; sourceTree = "<group>"; };
/* End PBXFileReference section */

/* Begin PBXFrameworksBuildPhase section */
		1749AEFC2803C0BC00225767 /* Frameworks */ = {
			isa = PBXFrameworksBuildPhase;
			buildActionMask = 2147483647;
			files = (
				17EE5CD4280636A1003DDA0C /* FirebaseDatabase in Frameworks */,
				17BA3634280771BE00D6E151 /* Charts in Frameworks */,
				17EE5CD8280636A1003DDA0C /* FirebaseStorage in Frameworks */,
				17EE5CD2280636A1003DDA0C /* FirebaseAnalytics in Frameworks */,
				17EE5CDB28073F5E003DDA0C /* Toast in Frameworks */,
				17EE5CD6280636A1003DDA0C /* FirebaseFirestore in Frameworks */,
			);
			runOnlyForDeploymentPostprocessing = 0;
		};
/* End PBXFrameworksBuildPhase section */

/* Begin PBXGroup section */
		1749AEF62803C0BC00225767 = {
			isa = PBXGroup;
			children = (
				1749AF012803C0BC00225767 /* My tasks  project */,
				1749AF002803C0BC00225767 /* Products */,
			);
			sourceTree = "<group>";
		};
		1749AF002803C0BC00225767 /* Products */ = {
			isa = PBXGroup;
			children = (
				1749AEFF2803C0BC00225767 /* My tasks  project.app */,
			);
			name = Products;
			sourceTree = "<group>";
		};
		1749AF012803C0BC00225767 /* My tasks  project */ = {
			isa = PBXGroup;
			children = (
				17EE5CCE28062E51003DDA0C /* GoogleService-Info.plist */,
				17EE5CDE2807437B003DDA0C /* Network */,
				17EE5CCD28062E0F003DDA0C /* Model */,
				1749AF172804C28100225767 /* Presenter */,
				1749AF162804C27800225767 /* View */,
				17EE5CE5280745AF003DDA0C /* ModuleOrchestrator.swift */,
				1749AF022803C0BD00225767 /* AppDelegate.swift */,
				1749AF042803C0BD00225767 /* SceneDelegate.swift */,
				1749AF0B2803C0BF00225767 /* Assets.xcassets */,
				1749AF102803C0BF00225767 /* Info.plist */,
			);
			path = "My tasks  project";
			sourceTree = "<group>";
		};
		1749AF162804C27800225767 /* View */ = {
			isa = PBXGroup;
			children = (
				17EE5CCC28062DD7003DDA0C /* Scenes */,
				17EE5CCB28062DAD003DDA0C /* Alerts */,
				17EE5CCA28062D9E003DDA0C /* Controllers */,
				17EE5CDC28074233003DDA0C /* Extensions.swift */,
			);
			path = View;
			sourceTree = "<group>";
		};
		1749AF172804C28100225767 /* Presenter */ = {
			isa = PBXGroup;
			children = (
				1749AF182804C2E300225767 /* MainPresenter.swift */,
				17EE5CE928075A14003DDA0C /* ChartsPresenter.swift */,
			);
			path = Presenter;
			sourceTree = "<group>";
		};
		17EE5CCA28062D9E003DDA0C /* Controllers */ = {
			isa = PBXGroup;
			children = (
				1749AF062803C0BD00225767 /* MainViewController.swift */,
				17EE5CE728075690003DDA0C /* ChartsViewController.swift */,
				17BA3635280A070C00D6E151 /* ChartViewCell.swift */,
			);
			path = Controllers;
			sourceTree = "<group>";
		};
		17EE5CCB28062DAD003DDA0C /* Alerts */ = {
			isa = PBXGroup;
			children = (
				177319822805DAE700742C7B /* PhotoViewAlert.swift */,
			);
			path = Alerts;
			sourceTree = "<group>";
		};
		17EE5CCC28062DD7003DDA0C /* Scenes */ = {
			isa = PBXGroup;
			children = (
				177319802805D37100742C7B /* AlertPhotoView.xib */,
				1749AF082803C0BD00225767 /* Main.storyboard */,
				1749AF0D2803C0BF00225767 /* LaunchScreen.storyboard */,
			);
			path = Scenes;
			sourceTree = "<group>";
		};
		17EE5CCD28062E0F003DDA0C /* Model */ = {
			isa = PBXGroup;
			children = (
				17EE5CE12807447B003DDA0C /* Models.swift */,
			);
			path = Model;
			sourceTree = "<group>";
		};
		17EE5CDE2807437B003DDA0C /* Network */ = {
			isa = PBXGroup;
			children = (
				17EE5CDF2807441D003DDA0C /* NetworkHandler.swift */,
				17EE5CE32807452B003DDA0C /* NetworkManager.swift */,
			);
			path = Network;
			sourceTree = "<group>";
		};
/* End PBXGroup section */

/* Begin PBXNativeTarget section */
		1749AEFE2803C0BC00225767 /* My tasks  project */ = {
			isa = PBXNativeTarget;
			buildConfigurationList = 1749AF132803C0BF00225767 /* Build configuration list for PBXNativeTarget "My tasks  project" */;
			buildPhases = (
				1749AEFB2803C0BC00225767 /* Sources */,
				1749AEFC2803C0BC00225767 /* Frameworks */,
				1749AEFD2803C0BC00225767 /* Resources */,
			);
			buildRules = (
			);
			dependencies = (
			);
			name = "My tasks  project";
			packageProductDependencies = (
				17EE5CD1280636A1003DDA0C /* FirebaseAnalytics */,
				17EE5CD3280636A1003DDA0C /* FirebaseDatabase */,
				17EE5CD5280636A1003DDA0C /* FirebaseFirestore */,
				17EE5CD7280636A1003DDA0C /* FirebaseStorage */,
				17EE5CDA28073F5E003DDA0C /* Toast */,
				17BA3633280771BE00D6E151 /* Charts */,
			);
			productName = "My tasks  project";
			productReference = 1749AEFF2803C0BC00225767 /* My tasks  project.app */;
			productType = "com.apple.product-type.application";
		};
/* End PBXNativeTarget section */

/* Begin PBXProject section */
		1749AEF72803C0BC00225767 /* Project object */ = {
			isa = PBXProject;
			attributes = {
				BuildIndependentTargetsInParallel = 1;
				LastSwiftUpdateCheck = 1310;
				LastUpgradeCheck = 1310;
				TargetAttributes = {
					1749AEFE2803C0BC00225767 = {
						CreatedOnToolsVersion = 13.1;
					};
				};
			};
			buildConfigurationList = 1749AEFA2803C0BC00225767 /* Build configuration list for PBXProject "My tasks  project" */;
			compatibilityVersion = "Xcode 13.0";
			developmentRegion = en;
			hasScannedForEncodings = 0;
			knownRegions = (
				en,
				Base,
			);
			mainGroup = 1749AEF62803C0BC00225767;
			packageReferences = (
				17EE5CD0280636A1003DDA0C /* XCRemoteSwiftPackageReference "firebase-ios-sdk" */,
				17EE5CD928073F5E003DDA0C /* XCRemoteSwiftPackageReference "Toast-Swift" */,
				17BA3632280771BE00D6E151 /* XCRemoteSwiftPackageReference "Charts" */,
			);
			productRefGroup = 1749AF002803C0BC00225767 /* Products */;
			projectDirPath = "";
			projectRoot = "";
			targets = (
				1749AEFE2803C0BC00225767 /* My tasks  project */,
			);
		};
/* End PBXProject section */

/* Begin PBXResourcesBuildPhase section */
		1749AEFD2803C0BC00225767 /* Resources */ = {
			isa = PBXResourcesBuildPhase;
			buildActionMask = 2147483647;
			files = (
				177319812805D37100742C7B /* AlertPhotoView.xib in Resources */,
				1749AF0F2803C0BF00225767 /* LaunchScreen.storyboard in Resources */,
				17EE5CCF28062E51003DDA0C /* GoogleService-Info.plist in Resources */,
				1749AF0C2803C0BF00225767 /* Assets.xcassets in Resources */,
				1749AF0A2803C0BD00225767 /* Main.storyboard in Resources */,
			);
			runOnlyForDeploymentPostprocessing = 0;
		};
/* End PBXResourcesBuildPhase section */

/* Begin PBXSourcesBuildPhase section */
		1749AEFB2803C0BC00225767 /* Sources */ = {
			isa = PBXSourcesBuildPhase;
			buildActionMask = 2147483647;
			files = (
				17EE5CE42807452B003DDA0C /* NetworkManager.swift in Sources */,
				17EE5CE828075690003DDA0C /* ChartsViewController.swift in Sources */,
				17BA3636280A070C00D6E151 /* ChartViewCell.swift in Sources */,
				1749AF072803C0BD00225767 /* MainViewController.swift in Sources */,
				1749AF032803C0BD00225767 /* AppDelegate.swift in Sources */,
				177319832805DAE700742C7B /* PhotoViewAlert.swift in Sources */,
				17EE5CEA28075A14003DDA0C /* ChartsPresenter.swift in Sources */,
				17EE5CE22807447B003DDA0C /* Models.swift in Sources */,
				1749AF052803C0BD00225767 /* SceneDelegate.swift in Sources */,
				1749AF192804C2E300225767 /* MainPresenter.swift in Sources */,
				17EE5CDD28074233003DDA0C /* Extensions.swift in Sources */,
				17EE5CE02807441D003DDA0C /* NetworkHandler.swift in Sources */,
				17EE5CE6280745AF003DDA0C /* ModuleOrchestrator.swift in Sources */,
			);
			runOnlyForDeploymentPostprocessing = 0;
		};
/* End PBXSourcesBuildPhase section */

/* Begin PBXVariantGroup section */
		1749AF082803C0BD00225767 /* Main.storyboard */ = {
			isa = PBXVariantGroup;
			children = (
				1749AF092803C0BD00225767 /* Base */,
			);
			name = Main.storyboard;
			sourceTree = "<group>";
		};
		1749AF0D2803C0BF00225767 /* LaunchScreen.storyboard */ = {
			isa = PBXVariantGroup;
			children = (
				1749AF0E2803C0BF00225767 /* Base */,
			);
			name = LaunchScreen.storyboard;
			sourceTree = "<group>";
		};
/* End PBXVariantGroup section */

/* Begin XCBuildConfiguration section */
		1749AF112803C0BF00225767 /* Debug */ = {
			isa = XCBuildConfiguration;
			buildSettings = {
				ALWAYS_SEARCH_USER_PATHS = NO;
				CLANG_ANALYZER_NONNULL = YES;
				CLANG_ANALYZER_NUMBER_OBJECT_CONVERSION = YES_AGGRESSIVE;
				CLANG_CXX_LANGUAGE_STANDARD = "gnu++17";
				CLANG_CXX_LIBRARY = "libc++";
				CLANG_ENABLE_MODULES = YES;
				CLANG_ENABLE_OBJC_ARC = YES;
				CLANG_ENABLE_OBJC_WEAK = YES;
				CLANG_WARN_BLOCK_CAPTURE_AUTORELEASING = YES;
				CLANG_WARN_BOOL_CONVERSION = YES;
				CLANG_WARN_COMMA = YES;
				CLANG_WARN_CONSTANT_CONVERSION = YES;
				CLANG_WARN_DEPRECATED_OBJC_IMPLEMENTATIONS = YES;
				CLANG_WARN_DIRECT_OBJC_ISA_USAGE = YES_ERROR;
				CLANG_WARN_DOCUMENTATION_COMMENTS = YES;
				CLANG_WARN_EMPTY_BODY = YES;
				CLANG_WARN_ENUM_CONVERSION = YES;
				CLANG_WARN_INFINITE_RECURSION = YES;
				CLANG_WARN_INT_CONVERSION = YES;
				CLANG_WARN_NON_LITERAL_NULL_CONVERSION = YES;
				CLANG_WARN_OBJC_IMPLICIT_RETAIN_SELF = YES;
				CLANG_WARN_OBJC_LITERAL_CONVERSION = YES;
				CLANG_WARN_OBJC_ROOT_CLASS = YES_ERROR;
				CLANG_WARN_QUOTED_INCLUDE_IN_FRAMEWORK_HEADER = YES;
				CLANG_WARN_RANGE_LOOP_ANALYSIS = YES;
				CLANG_WARN_STRICT_PROTOTYPES = YES;
				CLANG_WARN_SUSPICIOUS_MOVE = YES;
				CLANG_WARN_UNGUARDED_AVAILABILITY = YES_AGGRESSIVE;
				CLANG_WARN_UNREACHABLE_CODE = YES;
				CLANG_WARN__DUPLICATE_METHOD_MATCH = YES;
				COPY_PHASE_STRIP = NO;
				DEBUG_INFORMATION_FORMAT = dwarf;
				ENABLE_STRICT_OBJC_MSGSEND = YES;
				ENABLE_TESTABILITY = YES;
				GCC_C_LANGUAGE_STANDARD = gnu11;
				GCC_DYNAMIC_NO_PIC = NO;
				GCC_NO_COMMON_BLOCKS = YES;
				GCC_OPTIMIZATION_LEVEL = 0;
				GCC_PREPROCESSOR_DEFINITIONS = (
					"DEBUG=1",
					"$(inherited)",
				);
				GCC_WARN_64_TO_32_BIT_CONVERSION = YES;
				GCC_WARN_ABOUT_RETURN_TYPE = YES_ERROR;
				GCC_WARN_UNDECLARED_SELECTOR = YES;
				GCC_WARN_UNINITIALIZED_AUTOS = YES_AGGRESSIVE;
				GCC_WARN_UNUSED_FUNCTION = YES;
				GCC_WARN_UNUSED_VARIABLE = YES;
				IPHONEOS_DEPLOYMENT_TARGET = 15.0;
				MTL_ENABLE_DEBUG_INFO = INCLUDE_SOURCE;
				MTL_FAST_MATH = YES;
				ONLY_ACTIVE_ARCH = YES;
				SDKROOT = iphoneos;
				SWIFT_ACTIVE_COMPILATION_CONDITIONS = DEBUG;
				SWIFT_OPTIMIZATION_LEVEL = "-Onone";
			};
			name = Debug;
		};
		1749AF122803C0BF00225767 /* Release */ = {
			isa = XCBuildConfiguration;
			buildSettings = {
				ALWAYS_SEARCH_USER_PATHS = NO;
				CLANG_ANALYZER_NONNULL = YES;
				CLANG_ANALYZER_NUMBER_OBJECT_CONVERSION = YES_AGGRESSIVE;
				CLANG_CXX_LANGUAGE_STANDARD = "gnu++17";
				CLANG_CXX_LIBRARY = "libc++";
				CLANG_ENABLE_MODULES = YES;
				CLANG_ENABLE_OBJC_ARC = YES;
				CLANG_ENABLE_OBJC_WEAK = YES;
				CLANG_WARN_BLOCK_CAPTURE_AUTORELEASING = YES;
				CLANG_WARN_BOOL_CONVERSION = YES;
				CLANG_WARN_COMMA = YES;
				CLANG_WARN_CONSTANT_CONVERSION = YES;
				CLANG_WARN_DEPRECATED_OBJC_IMPLEMENTATIONS = YES;
				CLANG_WARN_DIRECT_OBJC_ISA_USAGE = YES_ERROR;
				CLANG_WARN_DOCUMENTATION_COMMENTS = YES;
				CLANG_WARN_EMPTY_BODY = YES;
				CLANG_WARN_ENUM_CONVERSION = YES;
				CLANG_WARN_INFINITE_RECURSION = YES;
				CLANG_WARN_INT_CONVERSION = YES;
				CLANG_WARN_NON_LITERAL_NULL_CONVERSION = YES;
				CLANG_WARN_OBJC_IMPLICIT_RETAIN_SELF = YES;
				CLANG_WARN_OBJC_LITERAL_CONVERSION = YES;
				CLANG_WARN_OBJC_ROOT_CLASS = YES_ERROR;
				CLANG_WARN_QUOTED_INCLUDE_IN_FRAMEWORK_HEADER = YES;
				CLANG_WARN_RANGE_LOOP_ANALYSIS = YES;
				CLANG_WARN_STRICT_PROTOTYPES = YES;
				CLANG_WARN_SUSPICIOUS_MOVE = YES;
				CLANG_WARN_UNGUARDED_AVAILABILITY = YES_AGGRESSIVE;
				CLANG_WARN_UNREACHABLE_CODE = YES;
				CLANG_WARN__DUPLICATE_METHOD_MATCH = YES;
				COPY_PHASE_STRIP = NO;
				DEBUG_INFORMATION_FORMAT = "dwarf-with-dsym";
				ENABLE_NS_ASSERTIONS = NO;
				ENABLE_STRICT_OBJC_MSGSEND = YES;
				GCC_C_LANGUAGE_STANDARD = gnu11;
				GCC_NO_COMMON_BLOCKS = YES;
				GCC_WARN_64_TO_32_BIT_CONVERSION = YES;
				GCC_WARN_ABOUT_RETURN_TYPE = YES_ERROR;
				GCC_WARN_UNDECLARED_SELECTOR = YES;
				GCC_WARN_UNINITIALIZED_AUTOS = YES_AGGRESSIVE;
				GCC_WARN_UNUSED_FUNCTION = YES;
				GCC_WARN_UNUSED_VARIABLE = YES;
				IPHONEOS_DEPLOYMENT_TARGET = 15.0;
				MTL_ENABLE_DEBUG_INFO = NO;
				MTL_FAST_MATH = YES;
				SDKROOT = iphoneos;
				SWIFT_COMPILATION_MODE = wholemodule;
				SWIFT_OPTIMIZATION_LEVEL = "-O";
				VALIDATE_PRODUCT = YES;
			};
			name = Release;
		};
		1749AF142803C0BF00225767 /* Debug */ = {
			isa = XCBuildConfiguration;
			buildSettings = {
				ASSETCATALOG_COMPILER_APPICON_NAME = AppIcon;
				ASSETCATALOG_COMPILER_GLOBAL_ACCENT_COLOR_NAME = AccentColor;
				CODE_SIGN_STYLE = Automatic;
				CURRENT_PROJECT_VERSION = 1;
				DEVELOPMENT_TEAM = 3QL4RXMP75;
				GENERATE_INFOPLIST_FILE = YES;
				INFOPLIST_FILE = "My tasks  project/Info.plist";
				INFOPLIST_KEY_CFBundleDisplayName = "My tasks";
				INFOPLIST_KEY_NSCameraUsageDescription = "This app will use camera.";
				INFOPLIST_KEY_NSPhotoLibraryUsageDescription = "You can select photos to attach to reports.";
				INFOPLIST_KEY_UIApplicationSupportsIndirectInputEvents = YES;
				INFOPLIST_KEY_UILaunchStoryboardName = LaunchScreen;
				INFOPLIST_KEY_UIMainStoryboardFile = Main;
				INFOPLIST_KEY_UISupportedInterfaceOrientations_iPad = "UIInterfaceOrientationPortrait UIInterfaceOrientationPortraitUpsideDown UIInterfaceOrientationLandscapeLeft UIInterfaceOrientationLandscapeRight";
				INFOPLIST_KEY_UISupportedInterfaceOrientations_iPhone = "UIInterfaceOrientationPortrait UIInterfaceOrientationLandscapeLeft UIInterfaceOrientationLandscapeRight";
				LD_RUNPATH_SEARCH_PATHS = (
					"$(inherited)",
					"@executable_path/Frameworks",
				);
				MARKETING_VERSION = 1.0;
				PRODUCT_BUNDLE_IDENTIFIER = com.jose.mystasks;
				PRODUCT_NAME = "$(TARGET_NAME)";
				SWIFT_EMIT_LOC_STRINGS = YES;
				SWIFT_VERSION = 5.0;
				TARGETED_DEVICE_FAMILY = "1,2";
			};
			name = Debug;
		};
		1749AF152803C0BF00225767 /* Release */ = {
			isa = XCBuildConfiguration;
			buildSettings = {
				ASSETCATALOG_COMPILER_APPICON_NAME = AppIcon;
				ASSETCATALOG_COMPILER_GLOBAL_ACCENT_COLOR_NAME = AccentColor;
				CODE_SIGN_STYLE = Automatic;
				CURRENT_PROJECT_VERSION = 1;
				DEVELOPMENT_TEAM = 3QL4RXMP75;
				GENERATE_INFOPLIST_FILE = YES;
				INFOPLIST_FILE = "My tasks  project/Info.plist";
				INFOPLIST_KEY_CFBundleDisplayName = "My tasks";
				INFOPLIST_KEY_NSCameraUsageDescription = "This app will use camera.";
				INFOPLIST_KEY_NSPhotoLibraryUsageDescription = "You can select photos to attach to reports.";
				INFOPLIST_KEY_UIApplicationSupportsIndirectInputEvents = YES;
				INFOPLIST_KEY_UILaunchStoryboardName = LaunchScreen;
				INFOPLIST_KEY_UIMainStoryboardFile = Main;
				INFOPLIST_KEY_UISupportedInterfaceOrientations_iPad = "UIInterfaceOrientationPortrait UIInterfaceOrientationPortraitUpsideDown UIInterfaceOrientationLandscapeLeft UIInterfaceOrientationLandscapeRight";
				INFOPLIST_KEY_UISupportedInterfaceOrientations_iPhone = "UIInterfaceOrientationPortrait UIInterfaceOrientationLandscapeLeft UIInterfaceOrientationLandscapeRight";
				LD_RUNPATH_SEARCH_PATHS = (
					"$(inherited)",
					"@executable_path/Frameworks",
				);
				MARKETING_VERSION = 1.0;
				PRODUCT_BUNDLE_IDENTIFIER = com.jose.mystasks;
				PRODUCT_NAME = "$(TARGET_NAME)";
				SWIFT_EMIT_LOC_STRINGS = YES;
				SWIFT_VERSION = 5.0;
				TARGETED_DEVICE_FAMILY = "1,2";
			};
			name = Release;
		};
/* End XCBuildConfiguration section */

/* Begin XCConfigurationList section */
		1749AEFA2803C0BC00225767 /* Build configuration list for PBXProject "My tasks  project" */ = {
			isa = XCConfigurationList;
			buildConfigurations = (
				1749AF112803C0BF00225767 /* Debug */,
				1749AF122803C0BF00225767 /* Release */,
			);
			defaultConfigurationIsVisible = 0;
			defaultConfigurationName = Release;
		};
		1749AF132803C0BF00225767 /* Build configuration list for PBXNativeTarget "My tasks  project" */ = {
			isa = XCConfigurationList;
			buildConfigurations = (
				1749AF142803C0BF00225767 /* Debug */,
				1749AF152803C0BF00225767 /* Release */,
			);
			defaultConfigurationIsVisible = 0;
			defaultConfigurationName = Release;
		};
/* End XCConfigurationList section */

/* Begin XCRemoteSwiftPackageReference section */
		17BA3632280771BE00D6E151 /* XCRemoteSwiftPackageReference "Charts" */ = {
			isa = XCRemoteSwiftPackageReference;
			repositoryURL = "https://github.com/danielgindi/Charts.git";
			requirement = {
				branch = master;
				kind = branch;
			};
		};
		17EE5CD0280636A1003DDA0C /* XCRemoteSwiftPackageReference "firebase-ios-sdk" */ = {
			isa = XCRemoteSwiftPackageReference;
			repositoryURL = "https://github.com/firebase/firebase-ios-sdk";
			requirement = {
				kind = upToNextMajorVersion;
				minimumVersion = 8.0.0;
			};
		};
		17EE5CD928073F5E003DDA0C /* XCRemoteSwiftPackageReference "Toast-Swift" */ = {
			isa = XCRemoteSwiftPackageReference;
			repositoryURL = "https://github.com/scalessec/Toast-Swift.git";
			requirement = {
				kind = upToNextMajorVersion;
				minimumVersion = 5.0.0;
			};
		};
/* End XCRemoteSwiftPackageReference section */

/* Begin XCSwiftPackageProductDependency section */
		17BA3633280771BE00D6E151 /* Charts */ = {
			isa = XCSwiftPackageProductDependency;
			package = 17BA3632280771BE00D6E151 /* XCRemoteSwiftPackageReference "Charts" */;
			productName = Charts;
		};
		17EE5CD1280636A1003DDA0C /* FirebaseAnalytics */ = {
			isa = XCSwiftPackageProductDependency;
			package = 17EE5CD0280636A1003DDA0C /* XCRemoteSwiftPackageReference "firebase-ios-sdk" */;
			productName = FirebaseAnalytics;
		};
		17EE5CD3280636A1003DDA0C /* FirebaseDatabase */ = {
			isa = XCSwiftPackageProductDependency;
			package = 17EE5CD0280636A1003DDA0C /* XCRemoteSwiftPackageReference "firebase-ios-sdk" */;
			productName = FirebaseDatabase;
		};
		17EE5CD5280636A1003DDA0C /* FirebaseFirestore */ = {
			isa = XCSwiftPackageProductDependency;
			package = 17EE5CD0280636A1003DDA0C /* XCRemoteSwiftPackageReference "firebase-ios-sdk" */;
			productName = FirebaseFirestore;
		};
		17EE5CD7280636A1003DDA0C /* FirebaseStorage */ = {
			isa = XCSwiftPackageProductDependency;
			package = 17EE5CD0280636A1003DDA0C /* XCRemoteSwiftPackageReference "firebase-ios-sdk" */;
			productName = FirebaseStorage;
		};
		17EE5CDA28073F5E003DDA0C /* Toast */ = {
			isa = XCSwiftPackageProductDependency;
			package = 17EE5CD928073F5E003DDA0C /* XCRemoteSwiftPackageReference "Toast-Swift" */;
			productName = Toast;
		};
/* End XCSwiftPackageProductDependency section */
	};
	rootObject = 1749AEF72803C0BC00225767 /* Project object */;
}
